GEM
  remote: https://rubygems.org/
  specs:
    ast (2.4.3)
    backticks (1.0.6)
    base64 (0.3.0)
    diff-lcs (1.6.2)
    docker-api (2.4.0)
      excon (>= 0.64.0)
      multi_json
    docker-compose (1.1.13)
      backticks (~> 1.0)
    excon (0.109.0)
    json (2.7.6)
    multi_json (1.15.0)
    net-scp (4.1.0)
      net-ssh (>= 2.6.5, < 8.0.0)
    net-ssh (7.3.2)
    net-telnet (0.2.0)
    parallel (1.24.0)
    parser (3.3.11.1)
      ast (~> 2.4.1)
      racc
    racc (1.8.1)
    rainbow (3.1.1)
    regexp_parser (2.12.0)
    rexml (3.4.4)
    rspec (3.13.2)
      rspec-core (~> 3.13.0)
      rspec-expectations (~> 3.13.0)
      rspec-mocks (~> 3.13.0)
    rspec-core (3.13.6)
      rspec-support (~> 3.13.0)
    rspec-expectations (3.13.5)
      diff-lcs (>= 1.2.0, < 2.0)
      rspec-support (~> 3.13.0)
    rspec-its (1.3.1)
      rspec-core (>= 3.0.0)
      rspec-expectations (>= 3.0.0)
    rspec-mocks (3.13.8)
      diff-lcs (>= 1.2.0, < 2.0)
      rspec-support (~> 3.13.0)
    rspec-support (3.13.7)
    rubocop (1.50.2)
      json (~> 2.3)
      parallel (~> 1.10)
      parser (>= 3.2.0.0)
      rainbow (>= 2.2.2, < 4.0)
      regexp_parser (>= 1.8, < 3.0)
      rexml (>= 3.2.5, < 4.0)
      rubocop-ast (>= 1.28.0, < 2.0)
      ruby-progressbar (~> 1.7)
      unicode-display_width (>= 2.4.0, < 3.0)
    rubocop-ast (1.30.0)
      parser (>= 3.2.1.0)
    ruby-progressbar (1.13.0)
    serverspec (2.43.0)
      multi_json
      rspec (~> 3.0)
      rspec-its
      specinfra (~> 2.72)
    sfl (2.3)
    specinfra (2.95.0)
      base64
      net-scp
      net-ssh (>= 2.7)
      net-telnet
      sfl
    unicode-display_width (2.6.0)

PLATFORMS
  ruby

DEPENDENCIES
  docker-api
  docker-compose
  rubocop
  serverspec

BUNDLED WITH
   1.17.2
